
Microsoft Visual Studio Solution File, Format Version 12.00
Project("{FAE04EC0-301F-11D3-BF4B-00C04F79EFBC}") = "App1formtest", "App1formtest\App1formtest.csproj", "{86CF110E-0DC4-4678-BC52-518ABD0B7455}"
EndProject
Project("{FAE04EC0-301F-11D3-BF4B-00C04F79EFBC}") = "App1formtest.Android", "App1formtest.Android\App1formtest.Android.csproj", "{3B078D2C-08DF-47D8-BE47-BCFA4A66ABCE}"
EndProject
Project("{FAE04EC0-301F-11D3-BF4B-00C04F79EFBC}") = "App1formtest.iOS", "App1formtest.iOS\App1formtest.iOS.csproj", "{7CC6DB2A-AF66-4FFD-BAA3-8202F9E280BD}"
EndProject
Global
	GlobalSection(SolutionConfigurationPlatforms) = preSolution
		Ad-Hoc|iPhone = Ad-Hoc|iPhone
		AppStore|iPhone = AppStore|iPhone
		Debug|Any CPU = Debug|Any CPU
		Debug|iPhone = Debug|iPhone
		Debug|iPhoneSimulator = Debug|iPhoneSimulator
		Release|Any CPU = Release|Any CPU
		Release|iPhone = Release|iPhone
		Release|iPhoneSimulator = Release|iPhoneSimulator
	EndGlobalSection
	GlobalSection(ProjectConfigurationPlatforms) = postSolution
		{86CF110E-0DC4-4678-BC52-518ABD0B7455}.Ad-Hoc|iPhone.ActiveCfg = Debug|Any CPU
		{86CF110E-0DC4-4678-BC52-518ABD0B7455}.Ad-Hoc|iPhone.Build.0 = Debug|Any CPU
		{86CF110E-0DC4-4678-BC52-518ABD0B7455}.AppStore|iPhone.ActiveCfg = Debug|Any CPU
		{86CF110E-0DC4-4678-BC52-518ABD0B7455}.AppStore|iPhone.Build.0 = Debug|Any CPU
		{86CF110E-0DC4-4678-BC52-518ABD0B7455}.Debug|Any CPU.ActiveCfg = Debug|Any CPU
		{86CF110E-0DC4-4678-BC52-518ABD0B7455}.Debug|Any CPU.Build.0 = Debug|Any CPU
		{86CF110E-0DC4-4678-BC52-518ABD0B7455}.Debug|iPhone.ActiveCfg = Debug|Any CPU
		{86CF110E-0DC4-4678-BC52-518ABD0B7455}.Debug|iPhone.Build.0 = Debug|Any CPU
		{86CF110E-0DC4-4678-BC52-518ABD0B7455}.Debug|iPhoneSimulator.ActiveCfg = Debug|Any CPU
		{86CF110E-0DC4-4678-BC52-518ABD0B7455}.Debug|iPhoneSimulator.Build.0 = Debug|Any CPU
		{86CF110E-0DC4-4678-BC52-518ABD0B7455}.Release|Any CPU.ActiveCfg = Release|Any CPU
		{86CF110E-0DC4-4678-BC52-518ABD0B7455}.Release|Any CPU.Build.0 = Release|Any CPU
		{86CF110E-0DC4-4678-BC52-518ABD0B7455}.Release|iPhone.ActiveCfg = Release|Any CPU
		{86CF110E-0DC4-4678-BC52-518ABD0B7455}.Release|iPhone.Build.0 = Release|Any CPU
		{86CF110E-0DC4-4678-BC52-518ABD0B7455}.Release|iPhoneSimulator.ActiveCfg = Release|Any CPU
		{86CF110E-0DC4-4678-BC52-518ABD0B7455}.Release|iPhoneSimulator.Build.0 = Release|Any CPU
		{3B078D2C-08DF-47D8-BE47-BCFA4A66ABCE}.Ad-Hoc|iPhone.ActiveCfg = Debug|Any CPU
		{3B078D2C-08DF-47D8-BE47-BCFA4A66ABCE}.Ad-Hoc|iPhone.Build.0 = Debug|Any CPU
		{3B078D2C-08DF-47D8-BE47-BCFA4A66ABCE}.Ad-Hoc|iPhone.Deploy.0 = Debug|Any CPU
		{3B078D2C-08DF-47D8-BE47-BCFA4A66ABCE}.AppStore|iPhone.ActiveCfg = Debug|Any CPU
		{3B078D2C-08DF-47D8-BE47-BCFA4A66ABCE}.AppStore|iPhone.Build.0 = Debug|Any CPU
		{3B078D2C-08DF-47D8-BE47-BCFA4A66ABCE}.AppStore|iPhone.Deploy.0 = Debug|Any CPU
		{3B078D2C-08DF-47D8-BE47-BCFA4A66ABCE}.Debug|Any CPU.ActiveCfg = Debug|Any CPU
		{3B078D2C-08DF-47D8-BE47-BCFA4A66ABCE}.Debug|Any CPU.Build.0 = Debug|Any CPU
		{3B078D2C-08DF-47D8-BE47-BCFA4A66ABCE}.Debug|Any CPU.Deploy.0 = Debug|Any CPU
		{3B078D2C-08DF-47D8-BE47-BCFA4A66ABCE}.Debug|iPhone.ActiveCfg = Debug|Any CPU
		{3B078D2C-08DF-47D8-BE47-BCFA4A66ABCE}.Debug|iPhone.Build.0 = Debug|Any CPU
		{3B078D2C-08DF-47D8-BE47-BCFA4A66ABCE}.Debug|iPhone.Deploy.0 = Debug|Any CPU
		{3B078D2C-08DF-47D8-BE47-BCFA4A66ABCE}.Debug|iPhoneSimulator.ActiveCfg = Debug|Any CPU
		{3B078D2C-08DF-47D8-BE47-BCFA4A66ABCE}.Debug|iPhoneSimulator.Build.0 = Debug|Any CPU
		{3B078D2C-08DF-47D8-BE47-BCFA4A66ABCE}.Debug|iPhoneSimulator.Deploy.0 = Debug|Any CPU
		{3B078D2C-08DF-47D8-BE47-BCFA4A66ABCE}.Release|Any CPU.ActiveCfg = Release|Any CPU
		{3B078D2C-08DF-47D8-BE47-BCFA4A66ABCE}.Release|Any CPU.Build.0 = Release|Any CPU
		{3B078D2C-08DF-47D8-BE47-BCFA4A66ABCE}.Release|Any CPU.Deploy.0 = Release|Any CPU
		{3B078D2C-08DF-47D8-BE47-BCFA4A66ABCE}.Release|iPhone.ActiveCfg = Release|Any CPU
		{3B078D2C-08DF-47D8-BE47-BCFA4A66ABCE}.Release|iPhone.Build.0 = Release|Any CPU
		{3B078D2C-08DF-47D8-BE47-BCFA4A66ABCE}.Release|iPhone.Deploy.0 = Release|Any CPU
		{3B078D2C-08DF-47D8-BE47-BCFA4A66ABCE}.Release|iPhoneSimulator.ActiveCfg = Release|Any CPU
		{3B078D2C-08DF-47D8-BE47-BCFA4A66ABCE}.Release|iPhoneSimulator.Build.0 = Release|Any CPU
		{3B078D2C-08DF-47D8-BE47-BCFA4A66ABCE}.Release|iPhoneSimulator.Deploy.0 = Release|Any CPU
		{7CC6DB2A-AF66-4FFD-BAA3-8202F9E280BD}.Ad-Hoc|iPhone.ActiveCfg = Ad-Hoc|iPhone
		{7CC6DB2A-AF66-4FFD-BAA3-8202F9E280BD}.Ad-Hoc|iPhone.Build.0 = Ad-Hoc|iPhone
		{7CC6DB2A-AF66-4FFD-BAA3-8202F9E280BD}.Ad-Hoc|iPhone.Deploy.0 = Ad-Hoc|iPhone
		{7CC6DB2A-AF66-4FFD-BAA3-8202F9E280BD}.AppStore|iPhone.ActiveCfg = AppStore|iPhone
		{7CC6DB2A-AF66-4FFD-BAA3-8202F9E280BD}.AppStore|iPhone.Build.0 = AppStore|iPhone
		{7CC6DB2A-AF66-4FFD-BAA3-8202F9E280BD}.AppStore|iPhone.Deploy.0 = AppStore|iPhone
		{7CC6DB2A-AF66-4FFD-BAA3-8202F9E280BD}.Debug|Any CPU.ActiveCfg = Debug|iPhoneSimulator
		{7CC6DB2A-AF66-4FFD-BAA3-8202F9E280BD}.Debug|Any CPU.Build.0 = Debug|iPhoneSimulator
		{7CC6DB2A-AF66-4FFD-BAA3-8202F9E280BD}.Debug|Any CPU.Deploy.0 = Debug|iPhoneSimulator
		{7CC6DB2A-AF66-4FFD-BAA3-8202F9E280BD}.Debug|iPhone.ActiveCfg = Debug|iPhone
		{7CC6DB2A-AF66-4FFD-BAA3-8202F9E280BD}.Debug|iPhone.Build.0 = Debug|iPhone
		{7CC6DB2A-AF66-4FFD-BAA3-8202F9E280BD}.Debug|iPhone.Deploy.0 = Debug|iPhone
		{7CC6DB2A-AF66-4FFD-BAA3-8202F9E280BD}.Debug|iPhoneSimulator.ActiveCfg = Debug|iPhoneSimulator
		{7CC6DB2A-AF66-4FFD-BAA3-8202F9E280BD}.Debug|iPhoneSimulator.Build.0 = Debug|iPhoneSimulator
		{7CC6DB2A-AF66-4FFD-BAA3-8202F9E280BD}.Debug|iPhoneSimulator.Deploy.0 = Debug|iPhoneSimulator
		{7CC6DB2A-AF66-4FFD-BAA3-8202F9E280BD}.Release|Any CPU.ActiveCfg = Release|iPhoneSimulator
		{7CC6DB2A-AF66-4FFD-BAA3-8202F9E280BD}.Release|Any CPU.Build.0 = Release|iPhoneSimulator
		{7CC6DB2A-AF66-4FFD-BAA3-8202F9E280BD}.Release|Any CPU.Deploy.0 = Release|iPhoneSimulator
		{7CC6DB2A-AF66-4FFD-BAA3-8202F9E280BD}.Release|iPhone.ActiveCfg = Release|iPhone
		{7CC6DB2A-AF66-4FFD-BAA3-8202F9E280BD}.Release|iPhone.Build.0 = Release|iPhone
		{7CC6DB2A-AF66-4FFD-BAA3-8202F9E280BD}.Release|iPhone.Deploy.0 = Release|iPhone
		{7CC6DB2A-AF66-4FFD-BAA3-8202F9E280BD}.Release|iPhoneSimulator.ActiveCfg = Release|iPhoneSimulator
		{7CC6DB2A-AF66-4FFD-BAA3-8202F9E280BD}.Release|iPhoneSimulator.Build.0 = Release|iPhoneSimulator
		{7CC6DB2A-AF66-4FFD-BAA3-8202F9E280BD}.Release|iPhoneSimulator.Deploy.0 = Release|iPhoneSimulator
	EndGlobalSection
EndGlobal
